
Microsoft Visual Studio Solution File, Format Version 12.00
# Visual Studio Version 17
VisualStudioVersion = 17.4.33205.214
MinimumVisualStudioVersion = 10.0.40219.1
Project("{9A19103F-16F7-4668-BE54-9A1E7A4F7556}") = "Linq1Example", "Linq1Example\Linq1Example.csproj", "{9D024FAC-D599-40D1-92DB-85075B91211B}"
EndProject
Project("{9A19103F-16F7-4668-BE54-9A1E7A4F7556}") = "Linq2Example", "Linq2Example\Linq2Example.csproj", "{261CD49D-0558-486C-8630-637FD6D8E835}"
EndProject
Project("{9A19103F-16F7-4668-BE54-9A1E7A4F7556}") = "Linq3SelectExample", "Linq3SelectExample\Linq3SelectExample.csproj", "{860D4A46-A0A5-46B4-BF96-E47B1F0D87B2}"
EndProject
Project("{9A19103F-16F7-4668-BE54-9A1E7A4F7556}") = "Linq4SelectManyEx", "Linq4ExSelectMany\Linq4SelectManyEx.csproj", "{946E0525-913D-44A4-B241-1DE5D2D0684D}"
EndProject
Project("{9A19103F-16F7-4668-BE54-9A1E7A4F7556}") = "Linq5FilterEx", "Linq5FilterEx\Linq5FilterEx.csproj", "{1EFACEBF-F713-4969-B791-400C0C4AD2E4}"
EndProject
Project("{9A19103F-16F7-4668-BE54-9A1E7A4F7556}") = "Linq6oftypeEx", "Linq6oftypeEx\Linq6oftypeEx.csproj", "{03E11CC1-876F-49A3-BF2D-4C102E62C7D4}"
EndProject
Project("{9A19103F-16F7-4668-BE54-9A1E7A4F7556}") = "Linq7SortingEx", "Linq7SortingEx\Linq7SortingEx.csproj", "{276C3D38-F74D-4755-925B-5F068622AD0F}"
EndProject
Project("{9A19103F-16F7-4668-BE54-9A1E7A4F7556}") = "Linq8thenByEx", "Linq8thenByEx\Linq8thenByEx.csproj", "{97E1A5C9-718C-4E9C-8DE9-91D6F6DEE28E}"
EndProject
Project("{9A19103F-16F7-4668-BE54-9A1E7A4F7556}") = "Linq9ReverseEx", "Linq9ReverseEx\Linq9ReverseEx.csproj", "{DFF232F5-D7D3-4733-8CDC-8A25CA4D21B9}"
EndProject
Project("{9A19103F-16F7-4668-BE54-9A1E7A4F7556}") = "Linq10AllQuantifierEx", "Linq10AllQuantifierEx\Linq10AllQuantifierEx.csproj", "{C53D9468-1E23-4071-991D-98BCE205E58E}"
EndProject
Project("{9A19103F-16F7-4668-BE54-9A1E7A4F7556}") = "Linq11AnyquantifierEx", "Linq11AnyquantifierEx\Linq11AnyquantifierEx.csproj", "{AFB2BE81-4923-4840-BE57-6B2F84ED8396}"
EndProject
Project("{9A19103F-16F7-4668-BE54-9A1E7A4F7556}") = "Linq12ContainsEx", "Linq12ContainsEx\Linq12ContainsEx.csproj", "{9F39F14A-9687-412C-B16B-79CB8368FEF3}"
EndProject
Project("{9A19103F-16F7-4668-BE54-9A1E7A4F7556}") = "Linq13DistincrSETOperationEx", "Linq13DistincrSETOperationEx\Linq13DistincrSETOperationEx.csproj", "{3D622FEF-570C-4806-A9CE-17124390378D}"
EndProject
Project("{9A19103F-16F7-4668-BE54-9A1E7A4F7556}") = "LINQ14ExceptOperationEx", "LINQ14ExceptOperationEx\LINQ14ExceptOperationEx.csproj", "{2D669254-EC5E-4D36-9930-F47CFF0DE427}"
EndProject
Project("{9A19103F-16F7-4668-BE54-9A1E7A4F7556}") = "Linq15IntersectEx", "Linq15IntersectEx\Linq15IntersectEx.csproj", "{5D5A5E4F-D480-43BF-8894-B2E62CA06484}"
EndProject
Project("{9A19103F-16F7-4668-BE54-9A1E7A4F7556}") = "Linq16UnionEx", "Linq16UnionEx\Linq16UnionEx.csproj", "{DAEABA07-0AD2-4964-96B5-ACE5CB7E65EF}"
EndProject
Project("{9A19103F-16F7-4668-BE54-9A1E7A4F7556}") = "Linq17TakeEx", "Linq17TakeEx\Linq17TakeEx.csproj", "{7E72D419-C4A0-4B9D-8EA0-404B369C5184}"
EndProject
Project("{9A19103F-16F7-4668-BE54-9A1E7A4F7556}") = "Linq18TakeWhileEx", "Linq18TakeWhileEx\Linq18TakeWhileEx.csproj", "{85018179-9BC3-451F-AEC6-F2E340E9A0AF}"
EndProject
Project("{9A19103F-16F7-4668-BE54-9A1E7A4F7556}") = "Linq19SkipEx", "Linq19SkipEx\Linq19SkipEx.csproj", "{3FD975B3-E6FE-48B1-B54F-F8C16501F9EC}"
EndProject
Project("{FAE04EC0-301F-11D3-BF4B-00C04F79EFBC}") = "Linq20SkipWhileEx", "Linq20SkipWhileEx\Linq20SkipWhileEx.csproj", "{FBC99EAD-10CA-4599-9CE1-B04393B6D827}"
EndProject
Project("{FAE04EC0-301F-11D3-BF4B-00C04F79EFBC}") = "Linq21InnerJoinEx", "Linq21InnerJoinEx\Linq21InnerJoinEx.csproj", "{BDBE2607-C84E-4301-B525-F183AB47E53F}"
EndProject
Project("{FAE04EC0-301F-11D3-BF4B-00C04F79EFBC}") = "Linq22GroupJoinEx", "Linq22GroupJoinEx\Linq22GroupJoinEx.csproj", "{8083DB15-6D06-49D5-87AF-B2BC1B4D1BB5}"
EndProject
Project("{FAE04EC0-301F-11D3-BF4B-00C04F79EFBC}") = "Linq23LeftJoinEx", "Linq23LeftJoinEx\Linq23LeftJoinEx.csproj", "{89CE518A-C2BA-4016-905D-24F2BD0293D1}"
EndProject
Project("{FAE04EC0-301F-11D3-BF4B-00C04F79EFBC}") = "Linq24ElementEx", "Linq24ElementEx\Linq24ElementEx.csproj", "{4633641D-2EE7-423F-9154-BBE7DE3CA479}"
EndProject
Project("{FAE04EC0-301F-11D3-BF4B-00C04F79EFBC}") = "Linq25firstEx", "Linq25firstEx\Linq25firstEx.csproj", "{36CB1718-FE2E-46F4-B8F3-E5314267A5C3}"
EndProject
Project("{FAE04EC0-301F-11D3-BF4B-00C04F79EFBC}") = "Linq26LastEx", "Linq26LastEx\Linq26LastEx.csproj", "{9D93FB22-BE67-4820-BC72-37587FC5539F}"
EndProject
Project("{FAE04EC0-301F-11D3-BF4B-00C04F79EFBC}") = "Linq27SingleEx", "Linq27SingleEx\Linq27SingleEx.csproj", "{D1ED18C6-B8EB-41B4-AD4A-0F10C339937B}"
EndProject
Global
	GlobalSection(SolutionConfigurationPlatforms) = preSolution
		Debug|Any CPU = Debug|Any CPU
		Release|Any CPU = Release|Any CPU
	EndGlobalSection
	GlobalSection(ProjectConfigurationPlatforms) = postSolution
		{9D024FAC-D599-40D1-92DB-85075B91211B}.Debug|Any CPU.ActiveCfg = Debug|Any CPU
		{9D024FAC-D599-40D1-92DB-85075B91211B}.Debug|Any CPU.Build.0 = Debug|Any CPU
		{9D024FAC-D599-40D1-92DB-85075B91211B}.Release|Any CPU.ActiveCfg = Release|Any CPU
		{9D024FAC-D599-40D1-92DB-85075B91211B}.Release|Any CPU.Build.0 = Release|Any CPU
		{261CD49D-0558-486C-8630-637FD6D8E835}.Debug|Any CPU.ActiveCfg = Debug|Any CPU
		{261CD49D-0558-486C-8630-637FD6D8E835}.Debug|Any CPU.Build.0 = Debug|Any CPU
		{261CD49D-0558-486C-8630-637FD6D8E835}.Release|Any CPU.ActiveCfg = Release|Any CPU
		{261CD49D-0558-486C-8630-637FD6D8E835}.Release|Any CPU.Build.0 = Release|Any CPU
		{860D4A46-A0A5-46B4-BF96-E47B1F0D87B2}.Debug|Any CPU.ActiveCfg = Debug|Any CPU
		{860D4A46-A0A5-46B4-BF96-E47B1F0D87B2}.Debug|Any CPU.Build.0 = Debug|Any CPU
		{860D4A46-A0A5-46B4-BF96-E47B1F0D87B2}.Release|Any CPU.ActiveCfg = Release|Any CPU
		{860D4A46-A0A5-46B4-BF96-E47B1F0D87B2}.Release|Any CPU.Build.0 = Release|Any CPU
		{946E0525-913D-44A4-B241-1DE5D2D0684D}.Debug|Any CPU.ActiveCfg = Debug|Any CPU
		{946E0525-913D-44A4-B241-1DE5D2D0684D}.Debug|Any CPU.Build.0 = Debug|Any CPU
		{946E0525-913D-44A4-B241-1DE5D2D0684D}.Release|Any CPU.ActiveCfg = Release|Any CPU
		{946E0525-913D-44A4-B241-1DE5D2D0684D}.Release|Any CPU.Build.0 = Release|Any CPU
		{1EFACEBF-F713-4969-B791-400C0C4AD2E4}.Debug|Any CPU.ActiveCfg = Debug|Any CPU
		{1EFACEBF-F713-4969-B791-400C0C4AD2E4}.Debug|Any CPU.Build.0 = Debug|Any CPU
		{1EFACEBF-F713-4969-B791-400C0C4AD2E4}.Release|Any CPU.ActiveCfg = Release|Any CPU
		{1EFACEBF-F713-4969-B791-400C0C4AD2E4}.Release|Any CPU.Build.0 = Release|Any CPU
		{03E11CC1-876F-49A3-BF2D-4C102E62C7D4}.Debug|Any CPU.ActiveCfg = Debug|Any CPU
		{03E11CC1-876F-49A3-BF2D-4C102E62C7D4}.Debug|Any CPU.Build.0 = Debug|Any CPU
		{03E11CC1-876F-49A3-BF2D-4C102E62C7D4}.Release|Any CPU.ActiveCfg = Release|Any CPU
		{03E11CC1-876F-49A3-BF2D-4C102E62C7D4}.Release|Any CPU.Build.0 = Release|Any CPU
		{276C3D38-F74D-4755-925B-5F068622AD0F}.Debug|Any CPU.ActiveCfg = Debug|Any CPU
		{276C3D38-F74D-4755-925B-5F068622AD0F}.Debug|Any CPU.Build.0 = Debug|Any CPU
		{276C3D38-F74D-4755-925B-5F068622AD0F}.Release|Any CPU.ActiveCfg = Release|Any CPU
		{276C3D38-F74D-4755-925B-5F068622AD0F}.Release|Any CPU.Build.0 = Release|Any CPU
		{97E1A5C9-718C-4E9C-8DE9-91D6F6DEE28E}.Debug|Any CPU.ActiveCfg = Debug|Any CPU
		{97E1A5C9-718C-4E9C-8DE9-91D6F6DEE28E}.Debug|Any CPU.Build.0 = Debug|Any CPU
		{97E1A5C9-718C-4E9C-8DE9-91D6F6DEE28E}.Release|Any CPU.ActiveCfg = Release|Any CPU
		{97E1A5C9-718C-4E9C-8DE9-91D6F6DEE28E}.Release|Any CPU.Build.0 = Release|Any CPU
		{DFF232F5-D7D3-4733-8CDC-8A25CA4D21B9}.Debug|Any CPU.ActiveCfg = Debug|Any CPU
		{DFF232F5-D7D3-4733-8CDC-8A25CA4D21B9}.Debug|Any CPU.Build.0 = Debug|Any CPU
		{DFF232F5-D7D3-4733-8CDC-8A25CA4D21B9}.Release|Any CPU.ActiveCfg = Release|Any CPU
		{DFF232F5-D7D3-4733-8CDC-8A25CA4D21B9}.Release|Any CPU.Build.0 = Release|Any CPU
		{C53D9468-1E23-4071-991D-98BCE205E58E}.Debug|Any CPU.ActiveCfg = Debug|Any CPU
		{C53D9468-1E23-4071-991D-98BCE205E58E}.Debug|Any CPU.Build.0 = Debug|Any CPU
		{C53D9468-1E23-4071-991D-98BCE205E58E}.Release|Any CPU.ActiveCfg = Release|Any CPU
		{C53D9468-1E23-4071-991D-98BCE205E58E}.Release|Any CPU.Build.0 = Release|Any CPU
		{AFB2BE81-4923-4840-BE57-6B2F84ED8396}.Debug|Any CPU.ActiveCfg = Debug|Any CPU
		{AFB2BE81-4923-4840-BE57-6B2F84ED8396}.Debug|Any CPU.Build.0 = Debug|Any CPU
		{AFB2BE81-4923-4840-BE57-6B2F84ED8396}.Release|Any CPU.ActiveCfg = Release|Any CPU
		{AFB2BE81-4923-4840-BE57-6B2F84ED8396}.Release|Any CPU.Build.0 = Release|Any CPU
		{9F39F14A-9687-412C-B16B-79CB8368FEF3}.Debug|Any CPU.ActiveCfg = Debug|Any CPU
		{9F39F14A-9687-412C-B16B-79CB8368FEF3}.Debug|Any CPU.Build.0 = Debug|Any CPU
		{9F39F14A-9687-412C-B16B-79CB8368FEF3}.Release|Any CPU.ActiveCfg = Release|Any CPU
		{9F39F14A-9687-412C-B16B-79CB8368FEF3}.Release|Any CPU.Build.0 = Release|Any CPU
		{3D622FEF-570C-4806-A9CE-17124390378D}.Debug|Any CPU.ActiveCfg = Debug|Any CPU
		{3D622FEF-570C-4806-A9CE-17124390378D}.Debug|Any CPU.Build.0 = Debug|Any CPU
		{3D622FEF-570C-4806-A9CE-17124390378D}.Release|Any CPU.ActiveCfg = Release|Any CPU
		{3D622FEF-570C-4806-A9CE-17124390378D}.Release|Any CPU.Build.0 = Release|Any CPU
		{2D669254-EC5E-4D36-9930-F47CFF0DE427}.Debug|Any CPU.ActiveCfg = Debug|Any CPU
		{2D669254-EC5E-4D36-9930-F47CFF0DE427}.Debug|Any CPU.Build.0 = Debug|Any CPU
		{2D669254-EC5E-4D36-9930-F47CFF0DE427}.Release|Any CPU.ActiveCfg = Release|Any CPU
		{2D669254-EC5E-4D36-9930-F47CFF0DE427}.Release|Any CPU.Build.0 = Release|Any CPU
		{5D5A5E4F-D480-43BF-8894-B2E62CA06484}.Debug|Any CPU.ActiveCfg = Debug|Any CPU
		{5D5A5E4F-D480-43BF-8894-B2E62CA06484}.Debug|Any CPU.Build.0 = Debug|Any CPU
		{5D5A5E4F-D480-43BF-8894-B2E62CA06484}.Release|Any CPU.ActiveCfg = Release|Any CPU
		{5D5A5E4F-D480-43BF-8894-B2E62CA06484}.Release|Any CPU.Build.0 = Release|Any CPU
		{DAEABA07-0AD2-4964-96B5-ACE5CB7E65EF}.Debug|Any CPU.ActiveCfg = Debug|Any CPU
		{DAEABA07-0AD2-4964-96B5-ACE5CB7E65EF}.Debug|Any CPU.Build.0 = Debug|Any CPU
		{DAEABA07-0AD2-4964-96B5-ACE5CB7E65EF}.Release|Any CPU.ActiveCfg = Release|Any CPU
		{DAEABA07-0AD2-4964-96B5-ACE5CB7E65EF}.Release|Any CPU.Build.0 = Release|Any CPU
		{7E72D419-C4A0-4B9D-8EA0-404B369C5184}.Debug|Any CPU.ActiveCfg = Debug|Any CPU
		{7E72D419-C4A0-4B9D-8EA0-404B369C5184}.Debug|Any CPU.Build.0 = Debug|Any CPU
		{7E72D419-C4A0-4B9D-8EA0-404B369C5184}.Release|Any CPU.ActiveCfg = Release|Any CPU
		{7E72D419-C4A0-4B9D-8EA0-404B369C5184}.Release|Any CPU.Build.0 = Release|Any CPU
		{85018179-9BC3-451F-AEC6-F2E340E9A0AF}.Debug|Any CPU.ActiveCfg = Debug|Any CPU
		{85018179-9BC3-451F-AEC6-F2E340E9A0AF}.Debug|Any CPU.Build.0 = Debug|Any CPU
		{85018179-9BC3-451F-AEC6-F2E340E9A0AF}.Release|Any CPU.ActiveCfg = Release|Any CPU
		{85018179-9BC3-451F-AEC6-F2E340E9A0AF}.Release|Any CPU.Build.0 = Release|Any CPU
		{3FD975B3-E6FE-48B1-B54F-F8C16501F9EC}.Debug|Any CPU.ActiveCfg = Debug|Any CPU
		{3FD975B3-E6FE-48B1-B54F-F8C16501F9EC}.Debug|Any CPU.Build.0 = Debug|Any CPU
		{3FD975B3-E6FE-48B1-B54F-F8C16501F9EC}.Release|Any CPU.ActiveCfg = Release|Any CPU
		{3FD975B3-E6FE-48B1-B54F-F8C16501F9EC}.Release|Any CPU.Build.0 = Release|Any CPU
		{FBC99EAD-10CA-4599-9CE1-B04393B6D827}.Debug|Any CPU.ActiveCfg = Debug|Any CPU
		{FBC99EAD-10CA-4599-9CE1-B04393B6D827}.Debug|Any CPU.Build.0 = Debug|Any CPU
		{FBC99EAD-10CA-4599-9CE1-B04393B6D827}.Release|Any CPU.ActiveCfg = Release|Any CPU
		{FBC99EAD-10CA-4599-9CE1-B04393B6D827}.Release|Any CPU.Build.0 = Release|Any CPU
		{BDBE2607-C84E-4301-B525-F183AB47E53F}.Debug|Any CPU.ActiveCfg = Debug|Any CPU
		{BDBE2607-C84E-4301-B525-F183AB47E53F}.Debug|Any CPU.Build.0 = Debug|Any CPU
		{BDBE2607-C84E-4301-B525-F183AB47E53F}.Release|Any CPU.ActiveCfg = Release|Any CPU
		{BDBE2607-C84E-4301-B525-F183AB47E53F}.Release|Any CPU.Build.0 = Release|Any CPU
		{8083DB15-6D06-49D5-87AF-B2BC1B4D1BB5}.Debug|Any CPU.ActiveCfg = Debug|Any CPU
		{8083DB15-6D06-49D5-87AF-B2BC1B4D1BB5}.Debug|Any CPU.Build.0 = Debug|Any CPU
		{8083DB15-6D06-49D5-87AF-B2BC1B4D1BB5}.Release|Any CPU.ActiveCfg = Release|Any CPU
		{8083DB15-6D06-49D5-87AF-B2BC1B4D1BB5}.Release|Any CPU.Build.0 = Release|Any CPU
		{89CE518A-C2BA-4016-905D-24F2BD0293D1}.Debug|Any CPU.ActiveCfg = Debug|Any CPU
		{89CE518A-C2BA-4016-905D-24F2BD0293D1}.Debug|Any CPU.Build.0 = Debug|Any CPU
		{89CE518A-C2BA-4016-905D-24F2BD0293D1}.Release|Any CPU.ActiveCfg = Release|Any CPU
		{89CE518A-C2BA-4016-905D-24F2BD0293D1}.Release|Any CPU.Build.0 = Release|Any CPU
		{4633641D-2EE7-423F-9154-BBE7DE3CA479}.Debug|Any CPU.ActiveCfg = Debug|Any CPU
		{4633641D-2EE7-423F-9154-BBE7DE3CA479}.Debug|Any CPU.Build.0 = Debug|Any CPU
		{4633641D-2EE7-423F-9154-BBE7DE3CA479}.Release|Any CPU.ActiveCfg = Release|Any CPU
		{4633641D-2EE7-423F-9154-BBE7DE3CA479}.Release|Any CPU.Build.0 = Release|Any CPU
		{36CB1718-FE2E-46F4-B8F3-E5314267A5C3}.Debug|Any CPU.ActiveCfg = Debug|Any CPU
		{36CB1718-FE2E-46F4-B8F3-E5314267A5C3}.Debug|Any CPU.Build.0 = Debug|Any CPU
		{36CB1718-FE2E-46F4-B8F3-E5314267A5C3}.Release|Any CPU.ActiveCfg = Release|Any CPU
		{36CB1718-FE2E-46F4-B8F3-E5314267A5C3}.Release|Any CPU.Build.0 = Release|Any CPU
		{9D93FB22-BE67-4820-BC72-37587FC5539F}.Debug|Any CPU.ActiveCfg = Debug|Any CPU
		{9D93FB22-BE67-4820-BC72-37587FC5539F}.Debug|Any CPU.Build.0 = Debug|Any CPU
		{9D93FB22-BE67-4820-BC72-37587FC5539F}.Release|Any CPU.ActiveCfg = Release|Any CPU
		{9D93FB22-BE67-4820-BC72-37587FC5539F}.Release|Any CPU.Build.0 = Release|Any CPU
		{D1ED18C6-B8EB-41B4-AD4A-0F10C339937B}.Debug|Any CPU.ActiveCfg = Debug|Any CPU
		{D1ED18C6-B8EB-41B4-AD4A-0F10C339937B}.Debug|Any CPU.Build.0 = Debug|Any CPU
		{D1ED18C6-B8EB-41B4-AD4A-0F10C339937B}.Release|Any CPU.ActiveCfg = Release|Any CPU
		{D1ED18C6-B8EB-41B4-AD4A-0F10C339937B}.Release|Any CPU.Build.0 = Release|Any CPU
	EndGlobalSection
	GlobalSection(SolutionProperties) = preSolution
		HideSolutionNode = FALSE
	EndGlobalSection
	GlobalSection(ExtensibilityGlobals) = postSolution
		SolutionGuid = {8E1C2ECC-3E7F-472F-A75C-6C63C01E0379}
	EndGlobalSection
EndGlobal
